PODS:
  - JESideMenuController (2.0.0)

DEPENDENCIES:
  - JESideMenuController (from `../`)

EXTERNAL SOURCES:
  JESideMenuController:
    :path: "../"

SPEC CHECKSUMS:
  JESideMenuController: 81937088eedd9682fd0fcf6e0e9250efa98497a4

PODFILE CHECKSUM: 7e4a3fb99c99a2b9dffb5ab041d8b8eeca69bbee

COCOAPODS: 1.15.2
